
Microsoft Visual Studio Solution File, Format Version 12.00
# Visual Studio Version 17
VisualStudioVersion = 17.3.32825.248
MinimumVisualStudioVersion = 10.0.40219.1
Project("{FAE04EC0-301F-11D3-BF4B-00C04F79EFBC}") = "Wpf.Example.Adorner", "Wpf.Example.Adorner\Wpf.Example.Adorner.csproj", "{8D93E8BB-3F2A-4B7C-B8AA-4BFC3EE12344}"
EndProject
Project("{FAE04EC0-301F-11D3-BF4B-00C04F79EFBC}") = "Wpf.Example.OnCanvas.Adorner", "Wpf.Example.OnCanvas.Adorner\Wpf.Example.OnCanvas.Adorner.csproj", "{8D14C6F2-7A40-4374-909C-D6AB579112F5}"
EndProject
Global
	GlobalSection(SolutionConfigurationPlatforms) = preSolution
		Debug|Any CPU = Debug|Any CPU
		Release|Any CPU = Release|Any CPU
	EndGlobalSection
	GlobalSection(ProjectConfigurationPlatforms) = postSolution
		{8D93E8BB-3F2A-4B7C-B8AA-4BFC3EE12344}.Debug|Any CPU.ActiveCfg = Debug|Any CPU
		{8D93E8BB-3F2A-4B7C-B8AA-4BFC3EE12344}.Debug|Any CPU.Build.0 = Debug|Any CPU
		{8D93E8BB-3F2A-4B7C-B8AA-4BFC3EE12344}.Release|Any CPU.ActiveCfg = Release|Any CPU
		{8D93E8BB-3F2A-4B7C-B8AA-4BFC3EE12344}.Release|Any CPU.Build.0 = Release|Any CPU
		{8D14C6F2-7A40-4374-909C-D6AB579112F5}.Debug|Any CPU.ActiveCfg = Debug|Any CPU
		{8D14C6F2-7A40-4374-909C-D6AB579112F5}.Debug|Any CPU.Build.0 = Debug|Any CPU
		{8D14C6F2-7A40-4374-909C-D6AB579112F5}.Release|Any CPU.ActiveCfg = Release|Any CPU
		{8D14C6F2-7A40-4374-909C-D6AB579112F5}.Release|Any CPU.Build.0 = Release|Any CPU
	EndGlobalSection
	GlobalSection(SolutionProperties) = preSolution
		HideSolutionNode = FALSE
	EndGlobalSection
	GlobalSection(ExtensibilityGlobals) = postSolution
		SolutionGuid = {E66468E9-85ED-415D-8178-0175C82A66C3}
	EndGlobalSection
EndGlobal
