
Microsoft Visual Studio Solution File, Format Version 12.00
# Visual Studio Version 17
VisualStudioVersion = 17.3.32825.248
MinimumVisualStudioVersion = 10.0.40219.1
Project("{FAE04EC0-301F-11D3-BF4B-00C04F79EFBC}") = "Wpf.Example.Adorner", "Wpf.Example.Adorner\Wpf.Example.Adorner.csproj", "{8D93E8BB-3F2A-4B7C-B8AA-4BFC3EE12344}"
EndProject
Project("{FAE04EC0-301F-11D3-BF4B-00C04F79EFBC}") = "Wpf.Example.OnCanvas.Adorner", "Wpf.Example.OnCanvas.Adorner\Wpf.Example.OnCanvas.Adorner.csproj", "{8D14C6F2-7A40-4374-909C-D6AB579112F5}"
EndProject
Project("{FAE04EC0-301F-11D3-BF4B-00C04F79EFBC}") = "Wpf.Example.OnCavas.RotateAdorner", "Wpf.Example.OnCavas.RotateAdorner\Wpf.Example.OnCavas.RotateAdorner.csproj", "{AF481FB7-11B3-4455-8B47-3220FF2C6240}"
EndProject
Project("{FAE04EC0-301F-11D3-BF4B-00C04F79EFBC}") = "Wpf.Example.SampleAdorner", "Wpf.Example.SampleAdorner\Wpf.Example.SampleAdorner.csproj", "{154F1B55-4D54-45C1-A566-FF3B6AB4601F}"
EndProject
Project("{FAE04EC0-301F-11D3-BF4B-00C04F79EFBC}") = "Wpf.Example.FullyFunctionedAdorner", "Wpf.Example.FullyFunctionedAdorner\Wpf.Example.FullyFunctionedAdorner.csproj", "{F755DE12-4F82-44EC-B333-34A2EE29AC94}"
EndProject
Project("{FAE04EC0-301F-11D3-BF4B-00C04F79EFBC}") = "Wpf.Libraries.AdornerDecorator", "..\Wpf.Libraries\Wpf.Libraries.AdornerDecorator\Wpf.Libraries.AdornerDecorator.csproj", "{433735EC-A957-4465-BE8F-283565A5EF98}"
EndProject
Project("{FAE04EC0-301F-11D3-BF4B-00C04F79EFBC}") = "Wpf.AdornerProject.Sample", "Wpf.AdornerProject.Sample\Wpf.AdornerProject.Sample.csproj", "{6031DE05-40DD-49F8-93EA-EEAF37F0C6B1}"
EndProject
Global
	GlobalSection(SolutionConfigurationPlatforms) = preSolution
		Debug|Any CPU = Debug|Any CPU
		Release|Any CPU = Release|Any CPU
	EndGlobalSection
	GlobalSection(ProjectConfigurationPlatforms) = postSolution
		{8D93E8BB-3F2A-4B7C-B8AA-4BFC3EE12344}.Debug|Any CPU.ActiveCfg = Debug|Any CPU
		{8D93E8BB-3F2A-4B7C-B8AA-4BFC3EE12344}.Debug|Any CPU.Build.0 = Debug|Any CPU
		{8D93E8BB-3F2A-4B7C-B8AA-4BFC3EE12344}.Release|Any CPU.ActiveCfg = Release|Any CPU
		{8D93E8BB-3F2A-4B7C-B8AA-4BFC3EE12344}.Release|Any CPU.Build.0 = Release|Any CPU
		{8D14C6F2-7A40-4374-909C-D6AB579112F5}.Debug|Any CPU.ActiveCfg = Debug|Any CPU
		{8D14C6F2-7A40-4374-909C-D6AB579112F5}.Debug|Any CPU.Build.0 = Debug|Any CPU
		{8D14C6F2-7A40-4374-909C-D6AB579112F5}.Release|Any CPU.ActiveCfg = Release|Any CPU
		{8D14C6F2-7A40-4374-909C-D6AB579112F5}.Release|Any CPU.Build.0 = Release|Any CPU
		{AF481FB7-11B3-4455-8B47-3220FF2C6240}.Debug|Any CPU.ActiveCfg = Debug|Any CPU
		{AF481FB7-11B3-4455-8B47-3220FF2C6240}.Debug|Any CPU.Build.0 = Debug|Any CPU
		{AF481FB7-11B3-4455-8B47-3220FF2C6240}.Release|Any CPU.ActiveCfg = Release|Any CPU
		{AF481FB7-11B3-4455-8B47-3220FF2C6240}.Release|Any CPU.Build.0 = Release|Any CPU
		{154F1B55-4D54-45C1-A566-FF3B6AB4601F}.Debug|Any CPU.ActiveCfg = Debug|Any CPU
		{154F1B55-4D54-45C1-A566-FF3B6AB4601F}.Debug|Any CPU.Build.0 = Debug|Any CPU
		{154F1B55-4D54-45C1-A566-FF3B6AB4601F}.Release|Any CPU.ActiveCfg = Release|Any CPU
		{154F1B55-4D54-45C1-A566-FF3B6AB4601F}.Release|Any CPU.Build.0 = Release|Any CPU
		{F755DE12-4F82-44EC-B333-34A2EE29AC94}.Debug|Any CPU.ActiveCfg = Debug|Any CPU
		{F755DE12-4F82-44EC-B333-34A2EE29AC94}.Debug|Any CPU.Build.0 = Debug|Any CPU
		{F755DE12-4F82-44EC-B333-34A2EE29AC94}.Release|Any CPU.ActiveCfg = Release|Any CPU
		{F755DE12-4F82-44EC-B333-34A2EE29AC94}.Release|Any CPU.Build.0 = Release|Any CPU
		{433735EC-A957-4465-BE8F-283565A5EF98}.Debug|Any CPU.ActiveCfg = Debug|Any CPU
		{433735EC-A957-4465-BE8F-283565A5EF98}.Debug|Any CPU.Build.0 = Debug|Any CPU
		{433735EC-A957-4465-BE8F-283565A5EF98}.Release|Any CPU.ActiveCfg = Release|Any CPU
		{433735EC-A957-4465-BE8F-283565A5EF98}.Release|Any CPU.Build.0 = Release|Any CPU
		{6031DE05-40DD-49F8-93EA-EEAF37F0C6B1}.Debug|Any CPU.ActiveCfg = Debug|Any CPU
		{6031DE05-40DD-49F8-93EA-EEAF37F0C6B1}.Debug|Any CPU.Build.0 = Debug|Any CPU
		{6031DE05-40DD-49F8-93EA-EEAF37F0C6B1}.Release|Any CPU.ActiveCfg = Release|Any CPU
		{6031DE05-40DD-49F8-93EA-EEAF37F0C6B1}.Release|Any CPU.Build.0 = Release|Any CPU
	EndGlobalSection
	GlobalSection(SolutionProperties) = preSolution
		HideSolutionNode = FALSE
	EndGlobalSection
	GlobalSection(ExtensibilityGlobals) = postSolution
		SolutionGuid = {E66468E9-85ED-415D-8178-0175C82A66C3}
	EndGlobalSection
EndGlobal
